
Microsoft Visual Studio Solution File, Format Version 12.00
# Visual Studio Version 17
VisualStudioVersion = 17.12.35707.178
MinimumVisualStudioVersion = 10.0.40219.1
Project("{FAE04EC0-301F-11D3-BF4B-00C04F79EFBC}") = "UnitTest", "UnitTest\UnitTest.csproj", "{777686AC-CA36-4103-B613-6AD99CFC5B95}"
EndProject
Project("{FAE04EC0-301F-11D3-BF4B-00C04F79EFBC}") = "Console-App", "Console\Console-App.csproj", "{C8E15E58-C98B-4679-8A6B-41BFFBFF1305}"
EndProject
Project("{FAE04EC0-301F-11D3-BF4B-00C04F79EFBC}") = "Basic-information-library", "Basic-information-library\Basic-information-library.csproj", "{20AB4DA0-24CD-40B6-B36D-6330D7349301}"
EndProject
Global
	GlobalSection(SolutionConfigurationPlatforms) = preSolution
		Debug|Any CPU = Debug|Any CPU
		Release|Any CPU = Release|Any CPU
	EndGlobalSection
	GlobalSection(ProjectConfigurationPlatforms) = postSolution
		{777686AC-CA36-4103-B613-6AD99CFC5B95}.Debug|Any CPU.ActiveCfg = Debug|Any CPU
		{777686AC-CA36-4103-B613-6AD99CFC5B95}.Debug|Any CPU.Build.0 = Debug|Any CPU
		{777686AC-CA36-4103-B613-6AD99CFC5B95}.Release|Any CPU.ActiveCfg = Release|Any CPU
		{777686AC-CA36-4103-B613-6AD99CFC5B95}.Release|Any CPU.Build.0 = Release|Any CPU
		{C8E15E58-C98B-4679-8A6B-41BFFBFF1305}.Debug|Any CPU.ActiveCfg = Debug|Any CPU
		{C8E15E58-C98B-4679-8A6B-41BFFBFF1305}.Debug|Any CPU.Build.0 = Debug|Any CPU
		{C8E15E58-C98B-4679-8A6B-41BFFBFF1305}.Release|Any CPU.ActiveCfg = Release|Any CPU
		{C8E15E58-C98B-4679-8A6B-41BFFBFF1305}.Release|Any CPU.Build.0 = Release|Any CPU
		{20AB4DA0-24CD-40B6-B36D-6330D7349301}.Debug|Any CPU.ActiveCfg = Debug|Any CPU
		{20AB4DA0-24CD-40B6-B36D-6330D7349301}.Debug|Any CPU.Build.0 = Debug|Any CPU
		{20AB4DA0-24CD-40B6-B36D-6330D7349301}.Release|Any CPU.ActiveCfg = Release|Any CPU
		{20AB4DA0-24CD-40B6-B36D-6330D7349301}.Release|Any CPU.Build.0 = Release|Any CPU
	EndGlobalSection
	GlobalSection(SolutionProperties) = preSolution
		HideSolutionNode = FALSE
	EndGlobalSection
	GlobalSection(ExtensibilityGlobals) = postSolution
		SolutionGuid = {908B530A-DE22-48B5-B9AB-6440998E1735}
	EndGlobalSection
EndGlobal
